
Microsoft Visual Studio Solution File, Format Version 12.00
# Visual Studio Version 17
VisualStudioVersion = 17.5.33530.505
MinimumVisualStudioVersion = 10.0.40219.1
Project("{FAE04EC0-301F-11D3-BF4B-00C04F79EFBC}") = "PilliTehtava", "PilliTehtava.csproj", "{179DDA2C-B73D-4380-9290-FFD92E3CD180}"
EndProject
Global
	GlobalSection(SolutionConfigurationPlatforms) = preSolution
		Debug|Any CPU = Debug|Any CPU
		Release|Any CPU = Release|Any CPU
	EndGlobalSection
	GlobalSection(ProjectConfigurationPlatforms) = postSolution
		{179DDA2C-B73D-4380-9290-FFD92E3CD180}.Debug|Any CPU.ActiveCfg = Debug|Any CPU
		{179DDA2C-B73D-4380-9290-FFD92E3CD180}.Debug|Any CPU.Build.0 = Debug|Any CPU
		{179DDA2C-B73D-4380-9290-FFD92E3CD180}.Release|Any CPU.ActiveCfg = Release|Any CPU
		{179DDA2C-B73D-4380-9290-FFD92E3CD180}.Release|Any CPU.Build.0 = Release|Any CPU
	EndGlobalSection
	GlobalSection(SolutionProperties) = preSolution
		HideSolutionNode = FALSE
	EndGlobalSection
	GlobalSection(ExtensibilityGlobals) = postSolution
		SolutionGuid = {96707845-FA16-4D6F-A03A-5A19E0CEF7A5}
	EndGlobalSection
EndGlobal
