
Microsoft Visual Studio Solution File, Format Version 12.00
# Visual Studio Version 17
VisualStudioVersion = 17.5.33530.505
MinimumVisualStudioVersion = 10.0.40219.1
Project("{FAE04EC0-301F-11D3-BF4B-00C04F79EFBC}") = "Musiikki", "Musiikki.csproj", "{BB755333-5D99-45E5-BD5B-0E7521D219CD}"
EndProject
Global
	GlobalSection(SolutionConfigurationPlatforms) = preSolution
		Debug|Any CPU = Debug|Any CPU
		Release|Any CPU = Release|Any CPU
	EndGlobalSection
	GlobalSection(ProjectConfigurationPlatforms) = postSolution
		{BB755333-5D99-45E5-BD5B-0E7521D219CD}.Debug|Any CPU.ActiveCfg = Debug|Any CPU
		{BB755333-5D99-45E5-BD5B-0E7521D219CD}.Debug|Any CPU.Build.0 = Debug|Any CPU
		{BB755333-5D99-45E5-BD5B-0E7521D219CD}.Release|Any CPU.ActiveCfg = Release|Any CPU
		{BB755333-5D99-45E5-BD5B-0E7521D219CD}.Release|Any CPU.Build.0 = Release|Any CPU
	EndGlobalSection
	GlobalSection(SolutionProperties) = preSolution
		HideSolutionNode = FALSE
	EndGlobalSection
	GlobalSection(ExtensibilityGlobals) = postSolution
		SolutionGuid = {51CD974A-6FA2-40B3-BE5C-253D451B6D03}
	EndGlobalSection
EndGlobal
