
Microsoft Visual Studio Solution File, Format Version 12.00
# Visual Studio Version 17
VisualStudioVersion = 17.5.33530.505
MinimumVisualStudioVersion = 10.0.40219.1
Project("{FAE04EC0-301F-11D3-BF4B-00C04F79EFBC}") = "Mitta", "Mitta.csproj", "{3264C08F-31F2-4DB3-82CC-32647D387D95}"
EndProject
Global
	GlobalSection(SolutionConfigurationPlatforms) = preSolution
		Debug|Any CPU = Debug|Any CPU
		Release|Any CPU = Release|Any CPU
	EndGlobalSection
	GlobalSection(ProjectConfigurationPlatforms) = postSolution
		{3264C08F-31F2-4DB3-82CC-32647D387D95}.Debug|Any CPU.ActiveCfg = Debug|Any CPU
		{3264C08F-31F2-4DB3-82CC-32647D387D95}.Debug|Any CPU.Build.0 = Debug|Any CPU
		{3264C08F-31F2-4DB3-82CC-32647D387D95}.Release|Any CPU.ActiveCfg = Release|Any CPU
		{3264C08F-31F2-4DB3-82CC-32647D387D95}.Release|Any CPU.Build.0 = Release|Any CPU
	EndGlobalSection
	GlobalSection(SolutionProperties) = preSolution
		HideSolutionNode = FALSE
	EndGlobalSection
	GlobalSection(ExtensibilityGlobals) = postSolution
		SolutionGuid = {710287B9-1FD6-4ADB-AE90-7D4045BACD25}
	EndGlobalSection
EndGlobal
